
Microsoft Visual Studio Solution File, Format Version 12.00
# Visual Studio Version 16
VisualStudioVersion = 16.0.30804.86
MinimumVisualStudioVersion = 10.0.40219.1
Project("{FAE04EC0-301F-11D3-BF4B-00C04F79EFBC}") = "DemoWpfApplication", "DemoWpfApplication\DemoWpfApplication.csproj", "{9975BEE0-EB6D-4106-BFE0-CC12E7C52C6B}"
EndProject
Global
	GlobalSection(SolutionConfigurationPlatforms) = preSolution
		Debug|Any CPU = Debug|Any CPU
		Release|Any CPU = Release|Any CPU
	EndGlobalSection
	GlobalSection(ProjectConfigurationPlatforms) = postSolution
		{9975BEE0-EB6D-4106-BFE0-CC12E7C52C6B}.Debug|Any CPU.ActiveCfg = Debug|Any CPU
		{9975BEE0-EB6D-4106-BFE0-CC12E7C52C6B}.Debug|Any CPU.Build.0 = Debug|Any CPU
		{9975BEE0-EB6D-4106-BFE0-CC12E7C52C6B}.Release|Any CPU.ActiveCfg = Release|Any CPU
		{9975BEE0-EB6D-4106-BFE0-CC12E7C52C6B}.Release|Any CPU.Build.0 = Release|Any CPU
	EndGlobalSection
	GlobalSection(SolutionProperties) = preSolution
		HideSolutionNode = FALSE
	EndGlobalSection
	GlobalSection(ExtensibilityGlobals) = postSolution
		SolutionGuid = {57952F62-50E2-4331-BA24-8C425523DA14}
	EndGlobalSection
EndGlobal
